{
  "name": "filestar-js-tools",
  "version": "1.0.0",
  "lockfileVersion": 1,
  "requires": true,
  "dependencies": {
    "@babel/polyfill": {
      "version": "7.8.7",
      "resolved": "https://registry.npmjs.org/@babel/polyfill/-/polyfill-7.8.7.tgz",
      "integrity": "sha512-LeSfP9bNZH2UOZgcGcZ0PIHUt1ZuHub1L3CVmEyqLxCeDLm4C5Gi8jRH8ZX2PNpDhQCo0z6y/+DIs2JlliXW8w==",
      "requires": {
        "core-js": "^2.6.5",
        "regenerator-runtime": "^0.13.4"
      }
    },
    "@glif/filecoin-address": {
      "version": "1.0.0-lerna.4",
      "resolved": "https://registry.npmjs.org/@glif/filecoin-address/-/filecoin-address-1.0.0-lerna.4.tgz",
      "integrity": "sha512-WREFRMgABHYhZscCjKHHgGSRDE0jo4BSo8wfCzd18RS7j53itAmlfOkfSc38QEmN4SGQ5EoRKulGmTEZ62SaVg==",
      "requires": {
        "blakejs": "1.1.0",
        "borc": "2.1.1",
        "leb128": "0.0.5"
      }
    },
    "@glif/filecoin-message": {
      "version": "1.0.0-lerna.4",
      "resolved": "https://registry.npmjs.org/@glif/filecoin-message/-/filecoin-message-1.0.0-lerna.4.tgz",
      "integrity": "sha512-DZ8xEwsSCvZLi0QTPmPZTOu3U0JMFzJGzp9hJcexZo22GQ0cBJr4K6fiiRIULcEEEAyLDw+KUCN81JBHmGye6A==",
      "requires": {
        "@glif/filecoin-address": "^1.0.0-lerna.4",
        "bignumber.js": "^9.0.0"
      }
    },
    "@glif/filecoin-number": {
      "version": "1.0.0-lerna.4",
      "resolved": "https://registry.npmjs.org/@glif/filecoin-number/-/filecoin-number-1.0.0-lerna.4.tgz",
      "integrity": "sha512-ROpzulkN4GODU1GaO13j5gLTrdVsH+185Bk5kZ+YYYl99wwfoFizgFwk8+9rmg1u76x/Z4xJQi83+6K3SSkCOQ==",
      "requires": {
        "@babel/polyfill": "7.7.0",
        "bent": "7.1.0",
        "bignumber.js": "9.0.0"
      },
      "dependencies": {
        "@babel/polyfill": {
          "version": "7.7.0",
          "resolved": "https://registry.npmjs.org/@babel/polyfill/-/polyfill-7.7.0.tgz",
          "integrity": "sha512-/TS23MVvo34dFmf8mwCisCbWGrfhbiWZSwBo6HkADTBhUa2Q/jWltyY/tpofz/b6/RIhqaqQcquptCirqIhOaQ==",
          "requires": {
            "core-js": "^2.6.5",
            "regenerator-runtime": "^0.13.2"
          }
        },
        "bignumber.js": {
          "version": "9.0.0",
          "resolved": "https://registry.npmjs.org/bignumber.js/-/bignumber.js-9.0.0.tgz",
          "integrity": "sha512-t/OYhhJ2SD+YGBQcjY8GzzDHEk9f3nerxjtfa6tlMXfe7frs/WozhvCNoGvpM0P3bNf3Gq5ZRMlGr5f3r4/N8A=="
        }
      }
    },
    "@glif/filecoin-rpc-client": {
      "version": "1.0.0-lerna.4",
      "resolved": "https://registry.npmjs.org/@glif/filecoin-rpc-client/-/filecoin-rpc-client-1.0.0-lerna.4.tgz",
      "integrity": "sha512-HAsSQc/FJhQ+OeC4S8KDpjy0l7SmpKhtYx6gLCLB/O23BGN13VZ595L7fyZ5giwSTNNyRgMJLqCeDx/Cf4BpQA==",
      "requires": {
        "axios": "0.19.2"
      }
    },
    "@glif/filecoin-wallet-provider": {
      "version": "1.0.0-lerna.8",
      "resolved": "https://registry.npmjs.org/@glif/filecoin-wallet-provider/-/filecoin-wallet-provider-1.0.0-lerna.8.tgz",
      "integrity": "sha512-pr8exK0+g9VQAusAi0CglIY+qHGdYSw2dgFXMRIUmjJnOI3ZhV6Sr9pLO7VaGQaORnC1WnCcDItPNLH03BjSAg==",
      "requires": {
        "@babel/polyfill": "7.8.7",
        "@glif/filecoin-address": "^1.0.0-lerna.4",
        "@glif/filecoin-message": "^1.0.0-lerna.4",
        "@glif/filecoin-number": "^1.0.0-lerna.4",
        "@glif/filecoin-rpc-client": "^1.0.0-lerna.4",
        "bignumber.js": "^9.0.1",
        "bluebird": "3.7.2",
        "ts-jest": "^26.3.0"
      }
    },
    "@jest/create-cache-key-function": {
      "version": "26.6.2",
      "resolved": "https://registry.npmjs.org/@jest/create-cache-key-function/-/create-cache-key-function-26.6.2.tgz",
      "integrity": "sha512-LgEuqU1f/7WEIPYqwLPIvvHuc1sB6gMVbT6zWhin3txYUNYK/kGQrC1F2WR4gR34YlI9bBtViTm5z98RqVZAaw==",
      "requires": {
        "@jest/types": "^26.6.2"
      }
    },
    "@jest/types": {
      "version": "26.6.2",
      "resolved": "https://registry.npmjs.org/@jest/types/-/types-26.6.2.tgz",
      "integrity": "sha512-fC6QCp7Sc5sX6g8Tvbmj4XUTbyrik0akgRy03yjXbQaBWWNWGE7SGtJk98m0N8nzegD/7SggrUlivxo5ax4KWQ==",
      "requires": {
        "@types/istanbul-lib-coverage": "^2.0.0",
        "@types/istanbul-reports": "^3.0.0",
        "@types/node": "*",
        "@types/yargs": "^15.0.0",
        "chalk": "^4.0.0"
      }
    },
    "@multiformats/base-x": {
      "version": "4.0.1",
      "resolved": "https://registry.npmjs.org/@multiformats/base-x/-/base-x-4.0.1.tgz",
      "integrity": "sha512-eMk0b9ReBbV23xXU693TAIrLyeO5iTgBZGSJfpqriG8UkYvr/hC9u9pyMlAakDNHWmbhMZCDs6KQO0jzKD8OTw=="
    },
    "@types/istanbul-lib-coverage": {
      "version": "2.0.3",
      "resolved": "https://registry.npmjs.org/@types/istanbul-lib-coverage/-/istanbul-lib-coverage-2.0.3.tgz",
      "integrity": "sha512-sz7iLqvVUg1gIedBOvlkxPlc8/uVzyS5OwGz1cKjXzkl3FpL3al0crU8YGU1WoHkxn0Wxbw5tyi6hvzJKNzFsw=="
    },
    "@types/istanbul-lib-report": {
      "version": "3.0.0",
      "resolved": "https://registry.npmjs.org/@types/istanbul-lib-report/-/istanbul-lib-report-3.0.0.tgz",
      "integrity": "sha512-plGgXAPfVKFoYfa9NpYDAkseG+g6Jr294RqeqcqDixSbU34MZVJRi/P+7Y8GDpzkEwLaGZZOpKIEmeVZNtKsrg==",
      "requires": {
        "@types/istanbul-lib-coverage": "*"
      }
    },
    "@types/istanbul-reports": {
      "version": "3.0.0",
      "resolved": "https://registry.npmjs.org/@types/istanbul-reports/-/istanbul-reports-3.0.0.tgz",
      "integrity": "sha512-nwKNbvnwJ2/mndE9ItP/zc2TCzw6uuodnF4EHYWD+gCQDVBuRQL5UzbZD0/ezy1iKsFU2ZQiDqg4M9dN4+wZgA==",
      "requires": {
        "@types/istanbul-lib-report": "*"
      }
    },
    "@types/jest": {
      "version": "26.0.15",
      "resolved": "https://registry.npmjs.org/@types/jest/-/jest-26.0.15.tgz",
      "integrity": "sha512-s2VMReFXRg9XXxV+CW9e5Nz8fH2K1aEhwgjUqPPbQd7g95T0laAcvLv032EhFHIa5GHsZ8W7iJEQVaJq6k3Gog==",
      "requires": {
        "jest-diff": "^26.0.0",
        "pretty-format": "^26.0.0"
      }
    },
    "@types/node": {
      "version": "14.14.6",
      "resolved": "https://registry.npmjs.org/@types/node/-/node-14.14.6.tgz",
      "integrity": "sha512-6QlRuqsQ/Ox/aJEQWBEJG7A9+u7oSYl3mem/K8IzxXG/kAGbV1YPD9Bg9Zw3vyxC/YP+zONKwy8hGkSt1jxFMw=="
    },
    "@types/yargs": {
      "version": "15.0.9",
      "resolved": "https://registry.npmjs.org/@types/yargs/-/yargs-15.0.9.tgz",
      "integrity": "sha512-HmU8SeIRhZCWcnRskCs36Q1Q00KBV6Cqh/ora8WN1+22dY07AZdn6Gel8QZ3t26XYPImtcL8WV/eqjhVmMEw4g==",
      "requires": {
        "@types/yargs-parser": "*"
      }
    },
    "@types/yargs-parser": {
      "version": "15.0.0",
      "resolved": "https://registry.npmjs.org/@types/yargs-parser/-/yargs-parser-15.0.0.tgz",
      "integrity": "sha512-FA/BWv8t8ZWJ+gEOnLLd8ygxH/2UFbAvgEonyfN6yWGLKc7zVjbpl2Y4CTjid9h2RfgPP6SEt6uHwEOply00yw=="
    },
    "ansi-regex": {
      "version": "5.0.0",
      "resolved": "https://registry.npmjs.org/ansi-regex/-/ansi-regex-5.0.0.tgz",
      "integrity": "sha512-bY6fj56OUQ0hU1KjFNDQuJFezqKdrAyFdIevADiqrWHwSlbmBNMHp5ak2f40Pm8JTFyM2mqxkG6ngkHO11f/lg=="
    },
    "ansi-styles": {
      "version": "4.3.0",
      "resolved": "https://registry.npmjs.org/ansi-styles/-/ansi-styles-4.3.0.tgz",
      "integrity": "sha512-zbB9rCJAT1rbjiVDb2hqKFHNYLxgtk8NURxZ3IZwD3F6NtxbXZQCnnSi1Lkx+IDohdPlFp222wVALIheZJQSEg==",
      "requires": {
        "color-convert": "^2.0.1"
      }
    },
    "axios": {
      "version": "0.19.2",
      "resolved": "https://registry.npmjs.org/axios/-/axios-0.19.2.tgz",
      "integrity": "sha512-fjgm5MvRHLhx+osE2xoekY70AhARk3a6hkN+3Io1jc00jtquGvxYlKlsFUhmUET0V5te6CcZI7lcv2Ym61mjHA==",
      "requires": {
        "follow-redirects": "1.5.10"
      }
    },
    "base-x": {
      "version": "3.0.8",
      "resolved": "https://registry.npmjs.org/base-x/-/base-x-3.0.8.tgz",
      "integrity": "sha512-Rl/1AWP4J/zRrk54hhlxH4drNxPJXYUaKffODVI53/dAsV4t9fBxyxYKAVPU1XBHxYwOWP9h9H0hM2MVw4YfJA==",
      "requires": {
        "safe-buffer": "^5.0.1"
      }
    },
    "base32-decode": {
      "version": "1.0.0",
      "resolved": "https://registry.npmjs.org/base32-decode/-/base32-decode-1.0.0.tgz",
      "integrity": "sha512-KNWUX/R7wKenwE/G/qFMzGScOgVntOmbE27vvc6GrniDGYb6a5+qWcuoXl8WIOQL7q0TpK7nZDm1Y04Yi3Yn5g=="
    },
    "base32-encode": {
      "version": "1.1.1",
      "resolved": "https://registry.npmjs.org/base32-encode/-/base32-encode-1.1.1.tgz",
      "integrity": "sha512-eqa0BeGghj3guezlasdHJhr3+J5ZbbQvxeprkcDMbRQrjlqOT832IUDT4Al4ofAwekFYMqkkM9KMUHs9Cu0HKA=="
    },
    "base64-js": {
      "version": "1.3.1",
      "resolved": "https://registry.npmjs.org/base64-js/-/base64-js-1.3.1.tgz",
      "integrity": "sha512-mLQ4i2QO1ytvGWFWmcngKO//JXAQueZvwEKtjgQFM4jIK0kU+ytMfplL8j+n5mspOfjHwoAg+9yhb7BwAHm36g=="
    },
    "bent": {
      "version": "7.1.0",
      "resolved": "https://registry.npmjs.org/bent/-/bent-7.1.0.tgz",
      "integrity": "sha512-oTkDz8lBsk+HQjJPVeHHejkse/PDaTFwTFVasoR1V3XEQw23KKdfNvRln3M9++qipIBObqVyhsvSGuquFebDvQ==",
      "requires": {
        "bytesish": "^0.4.1",
        "caseless": "~0.12.0",
        "is-stream": "^2.0.0"
      }
    },
    "bignumber.js": {
      "version": "9.0.1",
      "resolved": "https://registry.npmjs.org/bignumber.js/-/bignumber.js-9.0.1.tgz",
      "integrity": "sha512-IdZR9mh6ahOBv/hYGiXyVuyCetmGJhtYkqLBpTStdhEGjegpPlUawydyaF3pbIOFynJTpllEs+NP+CS9jKFLjA=="
    },
    "bindings": {
      "version": "1.5.0",
      "resolved": "https://registry.npmjs.org/bindings/-/bindings-1.5.0.tgz",
      "integrity": "sha512-p2q/t/mhvuOj/UeLlV6566GD/guowlr0hHxClI0W9m7MWYkL1F0hLo+0Aexs9HSPCtR1SXQ0TD3MMKrXZajbiQ==",
      "requires": {
        "file-uri-to-path": "1.0.0"
      }
    },
    "bip32": {
      "version": "2.0.6",
      "resolved": "https://registry.npmjs.org/bip32/-/bip32-2.0.6.tgz",
      "integrity": "sha512-HpV5OMLLGTjSVblmrtYRfFFKuQB+GArM0+XP8HGWfJ5vxYBqo+DesvJwOdC2WJ3bCkZShGf0QIfoIpeomVzVdA==",
      "requires": {
        "@types/node": "10.12.18",
        "bs58check": "^2.1.1",
        "create-hash": "^1.2.0",
        "create-hmac": "^1.1.7",
        "tiny-secp256k1": "^1.1.3",
        "typeforce": "^1.11.5",
        "wif": "^2.0.6"
      },
      "dependencies": {
        "@types/node": {
          "version": "10.12.18",
          "resolved": "https://registry.npmjs.org/@types/node/-/node-10.12.18.tgz",
          "integrity": "sha512-fh+pAqt4xRzPfqA6eh3Z2y6fyZavRIumvjhaCL753+TVkGKGhpPeyrJG2JftD0T9q4GF00KjefsQ+PQNDdWQaQ=="
        }
      }
    },
    "bip39": {
      "version": "3.0.2",
      "resolved": "https://registry.npmjs.org/bip39/-/bip39-3.0.2.tgz",
      "integrity": "sha512-J4E1r2N0tUylTKt07ibXvhpT2c5pyAFgvuA5q1H9uDy6dEGpjV8jmymh3MTYJDLCNbIVClSB9FbND49I6N24MQ==",
      "requires": {
        "@types/node": "11.11.6",
        "create-hash": "^1.1.0",
        "pbkdf2": "^3.0.9",
        "randombytes": "^2.0.1"
      },
      "dependencies": {
        "@types/node": {
          "version": "11.11.6",
          "resolved": "https://registry.npmjs.org/@types/node/-/node-11.11.6.tgz",
          "integrity": "sha512-Exw4yUWMBXM3X+8oqzJNRqZSwUAaS4+7NdvHqQuFi/d+synz++xmX3QIf+BFqneW8N31R8Ky+sikfZUXq07ggQ=="
        }
      }
    },
    "blakejs": {
      "version": "1.1.0",
      "resolved": "https://registry.npmjs.org/blakejs/-/blakejs-1.1.0.tgz",
      "integrity": "sha1-ad+S75U6qIylGjLfarHFShVfx6U="
    },
    "bluebird": {
      "version": "3.7.2",
      "resolved": "https://registry.npmjs.org/bluebird/-/bluebird-3.7.2.tgz",
      "integrity": "sha512-XpNj6GDQzdfW+r2Wnn7xiSAd7TM3jzkxGXBGTtWKuSXv1xUV+azxAm8jdWZN06QTQk+2N2XB9jRDkvbmQmcRtg=="
    },
    "bn.js": {
      "version": "5.1.3",
      "resolved": "https://registry.npmjs.org/bn.js/-/bn.js-5.1.3.tgz",
      "integrity": "sha512-GkTiFpjFtUzU9CbMeJ5iazkCzGL3jrhzerzZIuqLABjbwRaFt33I9tUdSNryIptM+RxDet6OKm2WnLXzW51KsQ=="
    },
    "borc": {
      "version": "2.1.1",
      "resolved": "https://registry.npmjs.org/borc/-/borc-2.1.1.tgz",
      "integrity": "sha512-vPLLC2/gS0QN4O3cnPh+8jLshkMMD4qIfs+B1TPGPh30WrtcfItaO6j4k9alsqu/hIgKi8dVdmMvTcbq4tIF7A==",
      "requires": {
        "bignumber.js": "^9.0.0",
        "commander": "^2.15.0",
        "ieee754": "^1.1.8",
        "iso-url": "~0.4.4",
        "json-text-sequence": "~0.1.0"
      }
    },
    "braces": {
      "version": "3.0.2",
      "resolved": "https://registry.npmjs.org/braces/-/braces-3.0.2.tgz",
      "integrity": "sha512-b8um+L1RzM3WDSzvhm6gIz1yfTbBt6YTlcEKAvsmqCZZFw46z626lVj9j1yEPW33H5H+lBQpZMP1k8l+78Ha0A==",
      "requires": {
        "fill-range": "^7.0.1"
      }
    },
    "brorand": {
      "version": "1.1.0",
      "resolved": "https://registry.npmjs.org/brorand/-/brorand-1.1.0.tgz",
      "integrity": "sha1-EsJe/kCkXjwyPrhnWgoM5XsiNx8="
    },
    "bs-logger": {
      "version": "0.2.6",
      "resolved": "https://registry.npmjs.org/bs-logger/-/bs-logger-0.2.6.tgz",
      "integrity": "sha512-pd8DCoxmbgc7hyPKOvxtqNcjYoOsABPQdcCUjGp3d42VR2CX1ORhk2A87oqqu5R1kk+76nsxZupkmyd+MVtCog==",
      "requires": {
        "fast-json-stable-stringify": "2.x"
      }
    },
    "bs58": {
      "version": "4.0.1",
      "resolved": "https://registry.npmjs.org/bs58/-/bs58-4.0.1.tgz",
      "integrity": "sha1-vhYedsNU9veIrkBx9j806MTwpCo=",
      "requires": {
        "base-x": "^3.0.2"
      }
    },
    "bs58check": {
      "version": "2.1.2",
      "resolved": "https://registry.npmjs.org/bs58check/-/bs58check-2.1.2.tgz",
      "integrity": "sha512-0TS1jicxdU09dwJMNZtVAfzPi6Q6QeN0pM1Fkzrjn+XYHvzMKPU3pHVpva+769iNVSfIYWf7LJ6WR+BuuMf8cA==",
      "requires": {
        "bs58": "^4.0.0",
        "create-hash": "^1.1.0",
        "safe-buffer": "^5.1.2"
      }
    },
    "buffer": {
      "version": "5.7.1",
      "resolved": "https://registry.npmjs.org/buffer/-/buffer-5.7.1.tgz",
      "integrity": "sha512-EHcyIPBQ4BSGlvjB16k5KgAJ27CIsHY/2JBmCRReo48y9rQ3MaUzWX3KVlBa4U7MyX02HdVj0K7C3WaB3ju7FQ==",
      "requires": {
        "base64-js": "^1.3.1",
        "ieee754": "^1.1.13"
      }
    },
    "buffer-from": {
      "version": "1.1.1",
      "resolved": "https://registry.npmjs.org/buffer-from/-/buffer-from-1.1.1.tgz",
      "integrity": "sha512-MQcXEUbCKtEo7bhqEs6560Hyd4XaovZlO/k9V3hjVUF/zwW7KBVdSK4gIt/bzwS9MbR5qob+F5jusZsb0YQK2A=="
    },
    "buffer-pipe": {
      "version": "0.0.3",
      "resolved": "https://registry.npmjs.org/buffer-pipe/-/buffer-pipe-0.0.3.tgz",
      "integrity": "sha512-GlxfuD/NrKvCNs0Ut+7b1IHjylfdegMBxQIlZHj7bObKVQBxB5S84gtm2yu1mQ8/sSggceWBDPY0cPXgvX2MuA==",
      "requires": {
        "safe-buffer": "^5.1.2"
      }
    },
    "bytesish": {
      "version": "0.4.4",
      "resolved": "https://registry.npmjs.org/bytesish/-/bytesish-0.4.4.tgz",
      "integrity": "sha512-i4uu6M4zuMUiyfZN4RU2+i9+peJh//pXhd9x1oSe1LBkZ3LEbCoygu8W0bXTukU1Jme2txKuotpCZRaC3FLxcQ=="
    },
    "caseless": {
      "version": "0.12.0",
      "resolved": "https://registry.npmjs.org/caseless/-/caseless-0.12.0.tgz",
      "integrity": "sha1-G2gcIf+EAzyCZUMJBolCDRhxUdw="
    },
    "chalk": {
      "version": "4.1.0",
      "resolved": "https://registry.npmjs.org/chalk/-/chalk-4.1.0.tgz",
      "integrity": "sha512-qwx12AxXe2Q5xQ43Ac//I6v5aXTipYrSESdOgzrN+9XjgEpyjpKuvSGaN4qE93f7TQTlerQQ8S+EQ0EyDoVL1A==",
      "requires": {
        "ansi-styles": "^4.1.0",
        "supports-color": "^7.1.0"
      }
    },
    "ci-info": {
      "version": "2.0.0",
      "resolved": "https://registry.npmjs.org/ci-info/-/ci-info-2.0.0.tgz",
      "integrity": "sha512-5tK7EtrZ0N+OLFMthtqOj4fI2Jeb88C4CAZPu25LDVUgXJ0A3Js4PMGqrn0JU1W0Mh1/Z8wZzYPxqUrXeBboCQ=="
    },
    "cids": {
      "version": "1.0.2",
      "resolved": "https://registry.npmjs.org/cids/-/cids-1.0.2.tgz",
      "integrity": "sha512-ohCcYyEHh0Z5Hl+O1IML4kt6Kx5GPho1ybxtqK4zyk6DeV5CvOLoT/mqDh0cgKcAvsls3vcVa9HjZc7RQr3geA==",
      "requires": {
        "class-is": "^1.1.0",
        "multibase": "^3.0.1",
        "multicodec": "^2.0.1",
        "multihashes": "^3.0.1",
        "uint8arrays": "^1.1.0"
      }
    },
    "cipher-base": {
      "version": "1.0.4",
      "resolved": "https://registry.npmjs.org/cipher-base/-/cipher-base-1.0.4.tgz",
      "integrity": "sha512-Kkht5ye6ZGmwv40uUDZztayT2ThLQGfnj/T71N/XzeZeo3nf8foyW7zGTsPYkEya3m5f3cAypH+qe7YOrM1U2Q==",
      "requires": {
        "inherits": "^2.0.1",
        "safe-buffer": "^5.0.1"
      }
    },
    "class-is": {
      "version": "1.1.0",
      "resolved": "https://registry.npmjs.org/class-is/-/class-is-1.1.0.tgz",
      "integrity": "sha512-rhjH9AG1fvabIDoGRVH587413LPjTZgmDF9fOFCbFJQV4yuocX1mHxxvXI4g3cGwbVY9wAYIoKlg1N79frJKQw=="
    },
    "color-convert": {
      "version": "2.0.1",
      "resolved": "https://registry.npmjs.org/color-convert/-/color-convert-2.0.1.tgz",
      "integrity": "sha512-RRECPsj7iu/xb5oKYcsFHSppFNnsj/52OVTRKb4zP5onXwVF3zVmmToNcOfGC+CRDpfK/U584fMg38ZHCaElKQ==",
      "requires": {
        "color-name": "~1.1.4"
      }
    },
    "color-name": {
      "version": "1.1.4",
      "resolved": "https://registry.npmjs.org/color-name/-/color-name-1.1.4.tgz",
      "integrity": "sha512-dOy+3AuW3a2wNbZHIuMZpTcgjGuLU/uBL/ubcZF9OXbDo8ff4O8yVp5Bf0efS8uEoYo5q4Fx7dY9OgQGXgAsQA=="
    },
    "commander": {
      "version": "2.20.3",
      "resolved": "https://registry.npmjs.org/commander/-/commander-2.20.3.tgz",
      "integrity": "sha512-GpVkmM8vF2vQUkj2LvZmD35JxeJOLCwJ9cUkugyk2nuhbv3+mJvpLYYt+0+USMxE+oj+ey/lJEnhZw75x/OMcQ=="
    },
    "core-js": {
      "version": "2.6.11",
      "resolved": "https://registry.npmjs.org/core-js/-/core-js-2.6.11.tgz",
      "integrity": "sha512-5wjnpaT/3dV+XB4borEsnAYQchn00XSgTAWKDkEqv+K8KevjbzmofK6hfJ9TZIlpj2N0xQpazy7PiRQiWHqzWg=="
    },
    "create-hash": {
      "version": "1.2.0",
      "resolved": "https://registry.npmjs.org/create-hash/-/create-hash-1.2.0.tgz",
      "integrity": "sha512-z00bCGNHDG8mHAkP7CtT1qVu+bFQUPjYq/4Iv3C3kWjTFV10zIjfSoeqXo9Asws8gwSHDGj/hl2u4OGIjapeCg==",
      "requires": {
        "cipher-base": "^1.0.1",
        "inherits": "^2.0.1",
        "md5.js": "^1.3.4",
        "ripemd160": "^2.0.1",
        "sha.js": "^2.4.0"
      }
    },
    "create-hmac": {
      "version": "1.1.7",
      "resolved": "https://registry.npmjs.org/create-hmac/-/create-hmac-1.1.7.tgz",
      "integrity": "sha512-MJG9liiZ+ogc4TzUwuvbER1JRdgvUFSB5+VR/g5h82fGaIRWMWddtKBHi7/sVhfjQZ6SehlyhvQYrcYkaUIpLg==",
      "requires": {
        "cipher-base": "^1.0.3",
        "create-hash": "^1.1.0",
        "inherits": "^2.0.1",
        "ripemd160": "^2.0.0",
        "safe-buffer": "^5.0.1",
        "sha.js": "^2.4.8"
      }
    },
    "debug": {
      "version": "3.1.0",
      "resolved": "https://registry.npmjs.org/debug/-/debug-3.1.0.tgz",
      "integrity": "sha512-OX8XqP7/1a9cqkxYw2yXss15f26NKWBpDXQd0/uK/KPqdQhxbPa994hnzjcE2VqQpDslf55723cKPUOGSmMY3g==",
      "requires": {
        "ms": "2.0.0"
      }
    },
    "delimit-stream": {
      "version": "0.1.0",
      "resolved": "https://registry.npmjs.org/delimit-stream/-/delimit-stream-0.1.0.tgz",
      "integrity": "sha1-m4MZR3wOX4rrPONXrjBfwl6hzSs="
    },
    "diff-sequences": {
      "version": "26.6.2",
      "resolved": "https://registry.npmjs.org/diff-sequences/-/diff-sequences-26.6.2.tgz",
      "integrity": "sha512-Mv/TDa3nZ9sbc5soK+OoA74BsS3mL37yixCvUAQkiuA4Wz6YtwP/K47n2rv2ovzHZvoiQeA5FTQOschKkEwB0Q=="
    },
    "elliptic": {
      "version": "6.5.3",
      "resolved": "https://registry.npmjs.org/elliptic/-/elliptic-6.5.3.tgz",
      "integrity": "sha512-IMqzv5wNQf+E6aHeIqATs0tOLeOTwj1QKbRcS3jBbYkl5oLAserA8yJTT7/VyHUYG91PRmPyeQDObKLPpeS4dw==",
      "requires": {
        "bn.js": "^4.4.0",
        "brorand": "^1.0.1",
        "hash.js": "^1.0.0",
        "hmac-drbg": "^1.0.0",
        "inherits": "^2.0.1",
        "minimalistic-assert": "^1.0.0",
        "minimalistic-crypto-utils": "^1.0.0"
      },
      "dependencies": {
        "bn.js": {
          "version": "4.11.9",
          "resolved": "https://registry.npmjs.org/bn.js/-/bn.js-4.11.9.tgz",
          "integrity": "sha512-E6QoYqCKZfgatHTdHzs1RRKP7ip4vvm+EyRUeE2RF0NblwVvb0p6jSVeNTOFxPn26QXN2o6SMfNxKp6kU8zQaw=="
        }
      }
    },
    "err-code": {
      "version": "2.0.3",
      "resolved": "https://registry.npmjs.org/err-code/-/err-code-2.0.3.tgz",
      "integrity": "sha512-2bmlRpNKBxT/CRmPOlyISQpNj+qSeYvcym/uT0Jx2bMOlKLtSy1ZmLuVxSEKKyor/N5yhvp/ZiG1oE3DEYMSFA=="
    },
    "fast-json-stable-stringify": {
      "version": "2.1.0",
      "resolved": "https://registry.npmjs.org/fast-json-stable-stringify/-/fast-json-stable-stringify-2.1.0.tgz",
      "integrity": "sha512-lhd/wF+Lk98HZoTCtlVraHtfh5XYijIjalXck7saUtuanSDyLMxnHhSXEDJqHxD7msR8D0uCmqlkwjCV8xvwHw=="
    },
    "file-uri-to-path": {
      "version": "1.0.0",
      "resolved": "https://registry.npmjs.org/file-uri-to-path/-/file-uri-to-path-1.0.0.tgz",
      "integrity": "sha512-0Zt+s3L7Vf1biwWZ29aARiVYLx7iMGnEUl9x33fbB/j3jR81u/O2LbqK+Bm1CDSNDKVtJ/YjwY7TUd5SkeLQLw=="
    },
    "fill-range": {
      "version": "7.0.1",
      "resolved": "https://registry.npmjs.org/fill-range/-/fill-range-7.0.1.tgz",
      "integrity": "sha512-qOo9F+dMUmC2Lcb4BbVvnKJxTPjCm+RRpe4gDuGrzkL7mEVl/djYSu2OdQ2Pa302N4oqkSg9ir6jaLWJ2USVpQ==",
      "requires": {
        "to-regex-range": "^5.0.1"
      }
    },
    "follow-redirects": {
      "version": "1.5.10",
      "resolved": "https://registry.npmjs.org/follow-redirects/-/follow-redirects-1.5.10.tgz",
      "integrity": "sha512-0V5l4Cizzvqt5D44aTXbFZz+FtyXV1vrDN6qrelxtfYQKW0KO0W2T/hkE8xvGa/540LkZlkaUjO4ailYTFtHVQ==",
      "requires": {
        "debug": "=3.1.0"
      }
    },
    "graceful-fs": {
      "version": "4.2.4",
      "resolved": "https://registry.npmjs.org/graceful-fs/-/graceful-fs-4.2.4.tgz",
      "integrity": "sha512-WjKPNJF79dtJAVniUlGGWHYGz2jWxT6VhN/4m1NdkbZ2nOsEF+cI1Edgql5zCRhs/VsQYRvrXctxktVXZUkixw=="
    },
    "has-flag": {
      "version": "4.0.0",
      "resolved": "https://registry.npmjs.org/has-flag/-/has-flag-4.0.0.tgz",
      "integrity": "sha512-EykJT/Q1KjTWctppgIAgfSO0tKVuZUjhgMr17kqTumMl6Afv3EISleU7qZUzoXDFTAHTDC4NOoG/ZxU3EvlMPQ=="
    },
    "hash-base": {
      "version": "3.1.0",
      "resolved": "https://registry.npmjs.org/hash-base/-/hash-base-3.1.0.tgz",
      "integrity": "sha512-1nmYp/rhMDiE7AYkDw+lLwlAzz0AntGIe51F3RfFfEqyQ3feY2eI/NcwC6umIQVOASPMsWJLJScWKSSvzL9IVA==",
      "requires": {
        "inherits": "^2.0.4",
        "readable-stream": "^3.6.0",
        "safe-buffer": "^5.2.0"
      }
    },
    "hash.js": {
      "version": "1.1.7",
      "resolved": "https://registry.npmjs.org/hash.js/-/hash.js-1.1.7.tgz",
      "integrity": "sha512-taOaskGt4z4SOANNseOviYDvjEJinIkRgmp7LbKP2YTTmVxWBl87s/uzK9r+44BclBSp2X7K1hqeNfz9JbBeXA==",
      "requires": {
        "inherits": "^2.0.3",
        "minimalistic-assert": "^1.0.1"
      }
    },
    "hmac-drbg": {
      "version": "1.0.1",
      "resolved": "https://registry.npmjs.org/hmac-drbg/-/hmac-drbg-1.0.1.tgz",
      "integrity": "sha1-0nRXAQJabHdabFRXk+1QL8DGSaE=",
      "requires": {
        "hash.js": "^1.0.3",
        "minimalistic-assert": "^1.0.0",
        "minimalistic-crypto-utils": "^1.0.1"
      }
    },
    "ieee754": {
      "version": "1.2.1",
      "resolved": "https://registry.npmjs.org/ieee754/-/ieee754-1.2.1.tgz",
      "integrity": "sha512-dcyqhDvX1C46lXZcVqCpK+FtMRQVdIMN6/Df5js2zouUsqG7I6sFxitIC+7KYK29KdXOLHdu9zL4sFnoVQnqaA=="
    },
    "inherits": {
      "version": "2.0.4",
      "resolved": "https://registry.npmjs.org/inherits/-/inherits-2.0.4.tgz",
      "integrity": "sha512-k/vGaX4/Yla3WzyMCvTQOXYeIHvqOKtnqBduzTHpzpQZzAskKMhZ2K+EnBiSM9zGSoIFeMpXKxa4dYeZIQqewQ=="
    },
    "ipld-dag-cbor": {
      "version": "0.17.0",
      "resolved": "https://registry.npmjs.org/ipld-dag-cbor/-/ipld-dag-cbor-0.17.0.tgz",
      "integrity": "sha512-YprSTQClJQUyC+RhbWrVXhg7ysII5R/jrmZZ4en4n9Mav+MRbntAW699zd1PHRLB71lNCJbxABE2Uc9QU2Ka7g==",
      "requires": {
        "borc": "^2.1.2",
        "cids": "^1.0.0",
        "is-circular": "^1.0.2",
        "multicodec": "^2.0.0",
        "multihashing-async": "^2.0.0",
        "uint8arrays": "^1.0.0"
      },
      "dependencies": {
        "borc": {
          "version": "2.1.2",
          "resolved": "https://registry.npmjs.org/borc/-/borc-2.1.2.tgz",
          "integrity": "sha512-Sy9eoUi4OiKzq7VovMn246iTo17kzuyHJKomCfpWMlI6RpfN1gk95w7d7gH264nApVLg0HZfcpz62/g4VH1Y4w==",
          "requires": {
            "bignumber.js": "^9.0.0",
            "buffer": "^5.5.0",
            "commander": "^2.15.0",
            "ieee754": "^1.1.13",
            "iso-url": "~0.4.7",
            "json-text-sequence": "~0.1.0",
            "readable-stream": "^3.6.0"
          }
        }
      }
    },
    "is-ci": {
      "version": "2.0.0",
      "resolved": "https://registry.npmjs.org/is-ci/-/is-ci-2.0.0.tgz",
      "integrity": "sha512-YfJT7rkpQB0updsdHLGWrvhBJfcfzNNawYDNIyQXJz0IViGf75O8EBPKSdvw2rF+LGCsX4FZ8tcr3b19LcZq4w==",
      "requires": {
        "ci-info": "^2.0.0"
      }
    },
    "is-circular": {
      "version": "1.0.2",
      "resolved": "https://registry.npmjs.org/is-circular/-/is-circular-1.0.2.tgz",
      "integrity": "sha512-YttjnrswnUYRVJvxCvu8z+PGMUSzC2JttP0OEXezlAEdp3EXzhf7IZ3j0gRAybJBQupedIZFhY61Tga6E0qASA=="
    },
    "is-number": {
      "version": "7.0.0",
      "resolved": "https://registry.npmjs.org/is-number/-/is-number-7.0.0.tgz",
      "integrity": "sha512-41Cifkg6e8TylSpdtTpeLVMqvSBEVzTttHvERD741+pnZ8ANv0004MRL43QKPDlK9cGvNp6NZWZUBlbGXYxxng=="
    },
    "is-stream": {
      "version": "2.0.0",
      "resolved": "https://registry.npmjs.org/is-stream/-/is-stream-2.0.0.tgz",
      "integrity": "sha512-XCoy+WlUr7d1+Z8GgSuXmpuUFC9fOhRXglJMx+dwLKTkL44Cjd4W1Z5P+BQZpr+cR93aGP4S/s7Ftw6Nd/kiEw=="
    },
    "iso-url": {
      "version": "0.4.7",
      "resolved": "https://registry.npmjs.org/iso-url/-/iso-url-0.4.7.tgz",
      "integrity": "sha512-27fFRDnPAMnHGLq36bWTpKET+eiXct3ENlCcdcMdk+mjXrb2kw3mhBUg1B7ewAC0kVzlOPhADzQgz1SE6Tglog=="
    },
    "jest-diff": {
      "version": "26.6.2",
      "resolved": "https://registry.npmjs.org/jest-diff/-/jest-diff-26.6.2.tgz",
      "integrity": "sha512-6m+9Z3Gv9wN0WFVasqjCL/06+EFCMTqDEUl/b87HYK2rAPTyfz4ZIuSlPhY51PIQRWx5TaxeF1qmXKe9gfN3sA==",
      "requires": {
        "chalk": "^4.0.0",
        "diff-sequences": "^26.6.2",
        "jest-get-type": "^26.3.0",
        "pretty-format": "^26.6.2"
      }
    },
    "jest-get-type": {
      "version": "26.3.0",
      "resolved": "https://registry.npmjs.org/jest-get-type/-/jest-get-type-26.3.0.tgz",
      "integrity": "sha512-TpfaviN1R2pQWkIihlfEanwOXK0zcxrKEE4MlU6Tn7keoXdN6/3gK/xl0yEh8DOunn5pOVGKf8hB4R9gVh04ig=="
    },
    "jest-util": {
      "version": "26.6.2",
      "resolved": "https://registry.npmjs.org/jest-util/-/jest-util-26.6.2.tgz",
      "integrity": "sha512-MDW0fKfsn0OI7MS7Euz6h8HNDXVQ0gaM9uW6RjfDmd1DAFcaxX9OqIakHIqhbnmF08Cf2DLDG+ulq8YQQ0Lp0Q==",
      "requires": {
        "@jest/types": "^26.6.2",
        "@types/node": "*",
        "chalk": "^4.0.0",
        "graceful-fs": "^4.2.4",
        "is-ci": "^2.0.0",
        "micromatch": "^4.0.2"
      }
    },
    "js-sha3": {
      "version": "0.8.0",
      "resolved": "https://registry.npmjs.org/js-sha3/-/js-sha3-0.8.0.tgz",
      "integrity": "sha512-gF1cRrHhIzNfToc802P800N8PpXS+evLLXfsVpowqmAFR9uwbi89WvXg2QspOmXL8QL86J4T1EpFu+yUkwJY3Q=="
    },
    "json-text-sequence": {
      "version": "0.1.1",
      "resolved": "https://registry.npmjs.org/json-text-sequence/-/json-text-sequence-0.1.1.tgz",
      "integrity": "sha1-py8hfcSvxGKf/1/rME3BvVGi89I=",
      "requires": {
        "delimit-stream": "0.1.0"
      }
    },
    "json5": {
      "version": "2.1.3",
      "resolved": "https://registry.npmjs.org/json5/-/json5-2.1.3.tgz",
      "integrity": "sha512-KXPvOm8K9IJKFM0bmdn8QXh7udDh1g/giieX0NLCaMnb4hEiVFqnop2ImTXCc5e0/oHz3LTqmHGtExn5hfMkOA==",
      "requires": {
        "minimist": "^1.2.5"
      }
    },
    "leb128": {
      "version": "0.0.5",
      "resolved": "https://registry.npmjs.org/leb128/-/leb128-0.0.5.tgz",
      "integrity": "sha512-elbNtfmu3GndZbesVF6+iQAfVjOXW9bM/aax9WwMlABZW+oK9sbAZEXoewaPHmL34sxa8kVwWsru8cNE/yn2gg==",
      "requires": {
        "bn.js": "^5.0.0",
        "buffer-pipe": "0.0.3"
      }
    },
    "lodash.memoize": {
      "version": "4.1.2",
      "resolved": "https://registry.npmjs.org/lodash.memoize/-/lodash.memoize-4.1.2.tgz",
      "integrity": "sha1-vMbEmkKihA7Zl/Mj6tpezRguC/4="
    },
    "make-error": {
      "version": "1.3.6",
      "resolved": "https://registry.npmjs.org/make-error/-/make-error-1.3.6.tgz",
      "integrity": "sha512-s8UhlNe7vPKomQhC1qFelMokr/Sc3AgNbso3n74mVPA5LTZwkB9NlXf4XPamLxJE8h0gh73rM94xvwRT2CVInw=="
    },
    "md5.js": {
      "version": "1.3.5",
      "resolved": "https://registry.npmjs.org/md5.js/-/md5.js-1.3.5.tgz",
      "integrity": "sha512-xitP+WxNPcTTOgnTJcrhM0xvdPepipPSf3I8EIpGKeFLjt3PlJLIDG3u8EX53ZIubkb+5U2+3rELYpEhHhzdkg==",
      "requires": {
        "hash-base": "^3.0.0",
        "inherits": "^2.0.1",
        "safe-buffer": "^5.1.2"
      }
    },
    "micromatch": {
      "version": "4.0.2",
      "resolved": "https://registry.npmjs.org/micromatch/-/micromatch-4.0.2.tgz",
      "integrity": "sha512-y7FpHSbMUMoyPbYUSzO6PaZ6FyRnQOpHuKwbo1G+Knck95XVU4QAiKdGEnj5wwoS7PlOgthX/09u5iFJ+aYf5Q==",
      "requires": {
        "braces": "^3.0.1",
        "picomatch": "^2.0.5"
      }
    },
    "minimalistic-assert": {
      "version": "1.0.1",
      "resolved": "https://registry.npmjs.org/minimalistic-assert/-/minimalistic-assert-1.0.1.tgz",
      "integrity": "sha512-UtJcAD4yEaGtjPezWuO9wC4nwUnVH/8/Im3yEHQP4b67cXlD/Qr9hdITCU1xDbSEXg2XKNaP8jsReV7vQd00/A=="
    },
    "minimalistic-crypto-utils": {
      "version": "1.0.1",
      "resolved": "https://registry.npmjs.org/minimalistic-crypto-utils/-/minimalistic-crypto-utils-1.0.1.tgz",
      "integrity": "sha1-9sAMHAsIIkblxNmd+4x8CDsrWCo="
    },
    "minimist": {
      "version": "1.2.5",
      "resolved": "https://registry.npmjs.org/minimist/-/minimist-1.2.5.tgz",
      "integrity": "sha512-FM9nNUYrRBAELZQT3xeZQ7fmMOBg6nWNmJKTcgsJeaLstP/UODVpGsr5OhXhhXg6f+qtJ8uiZ+PUxkDWcgIXLw=="
    },
    "mkdirp": {
      "version": "1.0.4",
      "resolved": "https://registry.npmjs.org/mkdirp/-/mkdirp-1.0.4.tgz",
      "integrity": "sha512-vVqVZQyf3WLx2Shd0qJ9xuvqgAyKPLAiqITEtqW0oIUjzo3PePDd6fW9iFz30ef7Ysp/oiWqbhszeGWW2T6Gzw=="
    },
    "ms": {
      "version": "2.0.0",
      "resolved": "https://registry.npmjs.org/ms/-/ms-2.0.0.tgz",
      "integrity": "sha1-VgiurfwAvmwpAd9fmGF4jeDVl8g="
    },
    "multibase": {
      "version": "3.0.1",
      "resolved": "https://registry.npmjs.org/multibase/-/multibase-3.0.1.tgz",
      "integrity": "sha512-MRU5WpnSg81/vYO977MweoeUAxBdXl7+F5Af2Es+X6Vcgfk/g/EjIqXTgm3kb+xO3m1Kzr+aIV14oRX7nv5Z9w==",
      "requires": {
        "@multiformats/base-x": "^4.0.1",
        "web-encoding": "^1.0.2"
      }
    },
    "multicodec": {
      "version": "2.0.1",
      "resolved": "https://registry.npmjs.org/multicodec/-/multicodec-2.0.1.tgz",
      "integrity": "sha512-YDYeWn9iGa76hOHAyyZa0kbt3tr5FLg1ZXUHrZUJltjnxxdbTIbHnxWLd2zTcMOjdT3QyO+Xs4bQgJUcC2RWUA==",
      "requires": {
        "uint8arrays": "1.0.0",
        "varint": "^5.0.0"
      },
      "dependencies": {
        "uint8arrays": {
          "version": "1.0.0",
          "resolved": "https://registry.npmjs.org/uint8arrays/-/uint8arrays-1.0.0.tgz",
          "integrity": "sha512-14tqEVujDREW7YwonSZZwLvo7aFDfX7b6ubvM/U7XvZol+CC/LbhaX/550VlWmhddAL9Wou1sxp0Of3tGqXigg==",
          "requires": {
            "multibase": "^3.0.0",
            "web-encoding": "^1.0.2"
          }
        }
      }
    },
    "multihashes": {
      "version": "3.0.1",
      "resolved": "https://registry.npmjs.org/multihashes/-/multihashes-3.0.1.tgz",
      "integrity": "sha512-fFY67WOtb0359IjDZxaCU3gJILlkwkFbxbwrK9Bej5+NqNaYztzLOj8/NgMNMg/InxmhK+Uu8S/U4EcqsHzB7Q==",
      "requires": {
        "multibase": "^3.0.0",
        "uint8arrays": "^1.0.0",
        "varint": "^5.0.0"
      }
    },
    "multihashing-async": {
      "version": "2.0.1",
      "resolved": "https://registry.npmjs.org/multihashing-async/-/multihashing-async-2.0.1.tgz",
      "integrity": "sha512-LZcH8PqW4iEKymaJ3RpsgpSJhXF29kAvO02ccqbysiXkQhZpVce8rrg+vzRKWO89hhyIBnQHI2e/ZoRVxmiJ2Q==",
      "requires": {
        "blakejs": "^1.1.0",
        "err-code": "^2.0.0",
        "js-sha3": "^0.8.0",
        "multihashes": "^3.0.1",
        "murmurhash3js-revisited": "^3.0.0",
        "uint8arrays": "^1.0.0"
      }
    },
    "murmurhash3js-revisited": {
      "version": "3.0.0",
      "resolved": "https://registry.npmjs.org/murmurhash3js-revisited/-/murmurhash3js-revisited-3.0.0.tgz",
      "integrity": "sha512-/sF3ee6zvScXMb1XFJ8gDsSnY+X8PbOyjIuBhtgis10W2Jx4ZjIhikUCIF9c4gpJxVnQIsPAFrSwTCuAjicP6g=="
    },
    "nan": {
      "version": "2.14.2",
      "resolved": "https://registry.npmjs.org/nan/-/nan-2.14.2.tgz",
      "integrity": "sha512-M2ufzIiINKCuDfBSAUr1vWQ+vuVcA9kqx8JJUsbQi6yf1uGRyb7HfpdfUr5qLXf3B/t8dPvcjhKMmlfnP47EzQ=="
    },
    "node-addon-api": {
      "version": "2.0.2",
      "resolved": "https://registry.npmjs.org/node-addon-api/-/node-addon-api-2.0.2.tgz",
      "integrity": "sha512-Ntyt4AIXyaLIuMHF6IOoTakB3K+RWxwtsHNRxllEoA6vPwP9o4866g6YWDLUdnucilZhmkxiHwHr11gAENw+QA=="
    },
    "node-gyp-build": {
      "version": "4.2.3",
      "resolved": "https://registry.npmjs.org/node-gyp-build/-/node-gyp-build-4.2.3.tgz",
      "integrity": "sha512-MN6ZpzmfNCRM+3t57PTJHgHyw/h4OWnZ6mR8P5j/uZtqQr46RRuDE/P+g3n0YR/AiYXeWixZZzaip77gdICfRg=="
    },
    "pbkdf2": {
      "version": "3.1.1",
      "resolved": "https://registry.npmjs.org/pbkdf2/-/pbkdf2-3.1.1.tgz",
      "integrity": "sha512-4Ejy1OPxi9f2tt1rRV7Go7zmfDQ+ZectEQz3VGUQhgq62HtIRPDyG/JtnwIxs6x3uNMwo2V7q1fMvKjb+Tnpqg==",
      "requires": {
        "create-hash": "^1.1.2",
        "create-hmac": "^1.1.4",
        "ripemd160": "^2.0.1",
        "safe-buffer": "^5.0.1",
        "sha.js": "^2.4.8"
      }
    },
    "picomatch": {
      "version": "2.2.2",
      "resolved": "https://registry.npmjs.org/picomatch/-/picomatch-2.2.2.tgz",
      "integrity": "sha512-q0M/9eZHzmr0AulXyPwNfZjtwZ/RBZlbN3K3CErVrk50T2ASYI7Bye0EvekFY3IP1Nt2DHu0re+V2ZHIpMkuWg=="
    },
    "pretty-format": {
      "version": "26.6.2",
      "resolved": "https://registry.npmjs.org/pretty-format/-/pretty-format-26.6.2.tgz",
      "integrity": "sha512-7AeGuCYNGmycyQbCqd/3PWH4eOoX/OiCa0uphp57NVTeAGdJGaAliecxwBDHYQCIvrW7aDBZCYeNTP/WX69mkg==",
      "requires": {
        "@jest/types": "^26.6.2",
        "ansi-regex": "^5.0.0",
        "ansi-styles": "^4.0.0",
        "react-is": "^17.0.1"
      }
    },
    "randombytes": {
      "version": "2.1.0",
      "resolved": "https://registry.npmjs.org/randombytes/-/randombytes-2.1.0.tgz",
      "integrity": "sha512-vYl3iOX+4CKUWuxGi9Ukhie6fsqXqS9FE2Zaic4tNFD2N2QQaXOMFbuKK4QmDHC0JO6B1Zp41J0LpT0oR68amQ==",
      "requires": {
        "safe-buffer": "^5.1.0"
      }
    },
    "react-is": {
      "version": "17.0.1",
      "resolved": "https://registry.npmjs.org/react-is/-/react-is-17.0.1.tgz",
      "integrity": "sha512-NAnt2iGDXohE5LI7uBnLnqvLQMtzhkiAOLXTmv+qnF9Ky7xAPcX8Up/xWIhxvLVGJvuLiNc4xQLtuqDRzb4fSA=="
    },
    "readable-stream": {
      "version": "3.6.0",
      "resolved": "https://registry.npmjs.org/readable-stream/-/readable-stream-3.6.0.tgz",
      "integrity": "sha512-BViHy7LKeTz4oNnkcLJ+lVSL6vpiFeX6/d3oSH8zCW7UxP2onchk+vTGB143xuFjHS3deTgkKoXXymXqymiIdA==",
      "requires": {
        "inherits": "^2.0.3",
        "string_decoder": "^1.1.1",
        "util-deprecate": "^1.0.1"
      }
    },
    "regenerator-runtime": {
      "version": "0.13.7",
      "resolved": "https://registry.npmjs.org/regenerator-runtime/-/regenerator-runtime-0.13.7.tgz",
      "integrity": "sha512-a54FxoJDIr27pgf7IgeQGxmqUNYrcV338lf/6gH456HZ/PhX+5BcwHXG9ajESmwe6WRO0tAzRUrRmNONWgkrew=="
    },
    "ripemd160": {
      "version": "2.0.2",
      "resolved": "https://registry.npmjs.org/ripemd160/-/ripemd160-2.0.2.tgz",
      "integrity": "sha512-ii4iagi25WusVoiC4B4lq7pbXfAp3D9v5CwfkY33vffw2+pkDjY1D8GaN7spsxvCSx8dkPqOZCEZyfxcmJG2IA==",
      "requires": {
        "hash-base": "^3.0.0",
        "inherits": "^2.0.1"
      }
    },
    "safe-buffer": {
      "version": "5.2.1",
      "resolved": "https://registry.npmjs.org/safe-buffer/-/safe-buffer-5.2.1.tgz",
      "integrity": "sha512-rp3So07KcdmmKbGvgaNxQSJr7bGVSVk5S9Eq1F+ppbRo70+YeaDxkw5Dd8NPN+GD6bjnYm2VuPuCXmpuYvmCXQ=="
    },
    "secp256k1": {
      "version": "4.0.2",
      "resolved": "https://registry.npmjs.org/secp256k1/-/secp256k1-4.0.2.tgz",
      "integrity": "sha512-UDar4sKvWAksIlfX3xIaQReADn+WFnHvbVujpcbr+9Sf/69odMwy2MUsz5CKLQgX9nsIyrjuxL2imVyoNHa3fg==",
      "requires": {
        "elliptic": "^6.5.2",
        "node-addon-api": "^2.0.0",
        "node-gyp-build": "^4.2.0"
      }
    },
    "semver": {
      "version": "7.3.2",
      "resolved": "https://registry.npmjs.org/semver/-/semver-7.3.2.tgz",
      "integrity": "sha512-OrOb32TeeambH6UrhtShmF7CRDqhL6/5XpPNp2DuRH6+9QLw/orhp72j87v8Qa1ScDkvrrBNpZcDejAirJmfXQ=="
    },
    "sha.js": {
      "version": "2.4.11",
      "resolved": "https://registry.npmjs.org/sha.js/-/sha.js-2.4.11.tgz",
      "integrity": "sha512-QMEp5B7cftE7APOjk5Y6xgrbWu+WkLVQwk8JNjZ8nKRciZaByEW6MubieAiToS7+dwvrjGhH8jRXz3MVd0AYqQ==",
      "requires": {
        "inherits": "^2.0.1",
        "safe-buffer": "^5.0.1"
      }
    },
    "string_decoder": {
      "version": "1.3.0",
      "resolved": "https://registry.npmjs.org/string_decoder/-/string_decoder-1.3.0.tgz",
      "integrity": "sha512-hkRX8U1WjJFd8LsDJ2yQ/wWWxaopEsABU1XfkM8A+j0+85JAGppt16cr1Whg6KIbb4okU6Mql6BOj+uup/wKeA==",
      "requires": {
        "safe-buffer": "~5.2.0"
      }
    },
    "supports-color": {
      "version": "7.2.0",
      "resolved": "https://registry.npmjs.org/supports-color/-/supports-color-7.2.0.tgz",
      "integrity": "sha512-qpCAvRl9stuOHveKsn7HncJRvv501qIacKzQlO/+Lwxc9+0q2wLyv4Dfvt80/DPn2pqOBsJdDiogXGR9+OvwRw==",
      "requires": {
        "has-flag": "^4.0.0"
      }
    },
    "tiny-secp256k1": {
      "version": "1.1.5",
      "resolved": "https://registry.npmjs.org/tiny-secp256k1/-/tiny-secp256k1-1.1.5.tgz",
      "integrity": "sha512-duE2hSLSQIpHGzmK48OgRrGTi+4OTkXLC6aa86uOYQ6LLCYZSarVKIAvEtY7MoXjoL6bOXMSerEGMzrvW4SkDw==",
      "requires": {
        "bindings": "^1.3.0",
        "bn.js": "^4.11.8",
        "create-hmac": "^1.1.7",
        "elliptic": "^6.4.0",
        "nan": "^2.13.2"
      },
      "dependencies": {
        "bn.js": {
          "version": "4.11.9",
          "resolved": "https://registry.npmjs.org/bn.js/-/bn.js-4.11.9.tgz",
          "integrity": "sha512-E6QoYqCKZfgatHTdHzs1RRKP7ip4vvm+EyRUeE2RF0NblwVvb0p6jSVeNTOFxPn26QXN2o6SMfNxKp6kU8zQaw=="
        }
      }
    },
    "to-regex-range": {
      "version": "5.0.1",
      "resolved": "https://registry.npmjs.org/to-regex-range/-/to-regex-range-5.0.1.tgz",
      "integrity": "sha512-65P7iz6X5yEr1cwcgvQxbbIw7Uk3gOy5dIdtZ4rDveLqhrdJP+Li/Hx6tyK0NEb+2GCyneCMJiGqrADCSNk8sQ==",
      "requires": {
        "is-number": "^7.0.0"
      }
    },
    "ts-jest": {
      "version": "26.4.3",
      "resolved": "https://registry.npmjs.org/ts-jest/-/ts-jest-26.4.3.tgz",
      "integrity": "sha512-pFDkOKFGY+nL9v5pkhm+BIFpoAuno96ff7GMnIYr/3L6slFOS365SI0fGEVYx2RKGji5M2elxhWjDMPVcOCdSw==",
      "requires": {
        "@jest/create-cache-key-function": "^26.5.0",
        "@types/jest": "26.x",
        "bs-logger": "0.x",
        "buffer-from": "1.x",
        "fast-json-stable-stringify": "2.x",
        "jest-util": "^26.1.0",
        "json5": "2.x",
        "lodash.memoize": "4.x",
        "make-error": "1.x",
        "mkdirp": "1.x",
        "semver": "7.x",
        "yargs-parser": "20.x"
      }
    },
    "typeforce": {
      "version": "1.18.0",
      "resolved": "https://registry.npmjs.org/typeforce/-/typeforce-1.18.0.tgz",
      "integrity": "sha512-7uc1O8h1M1g0rArakJdf0uLRSSgFcYexrVoKo+bzJd32gd4gDy2L/Z+8/FjPnU9ydY3pEnVPtr9FyscYY60K1g=="
    },
    "uint8arrays": {
      "version": "1.1.0",
      "resolved": "https://registry.npmjs.org/uint8arrays/-/uint8arrays-1.1.0.tgz",
      "integrity": "sha512-cLdlZ6jnFczsKf5IH1gPHTtcHtPGho5r4CvctohmQjw8K7Q3gFdfIGHxSTdTaCKrL4w09SsPRJTqRS0drYeszA==",
      "requires": {
        "multibase": "^3.0.0",
        "web-encoding": "^1.0.2"
      }
    },
    "util-deprecate": {
      "version": "1.0.2",
      "resolved": "https://registry.npmjs.org/util-deprecate/-/util-deprecate-1.0.2.tgz",
      "integrity": "sha1-RQ1Nyfpw3nMnYvvS1KKJgUGaDM8="
    },
    "varint": {
      "version": "5.0.2",
      "resolved": "https://registry.npmjs.org/varint/-/varint-5.0.2.tgz",
      "integrity": "sha512-lKxKYG6H03yCZUpAGOPOsMcGxd1RHCu1iKvEHYDPmTyq2HueGhD73ssNBqqQWfvYs04G9iUFRvmAVLW20Jw6ow=="
    },
    "web-encoding": {
      "version": "1.0.4",
      "resolved": "https://registry.npmjs.org/web-encoding/-/web-encoding-1.0.4.tgz",
      "integrity": "sha512-DcXs2lbVPzuJmn2kuDEwul2oZg7p4YMa5J2f0YzsOBHaAnBYGPNUB/rJ74DTjTKpw7F0+lSsVM8sFHE2UyBixg=="
    },
    "wif": {
      "version": "2.0.6",
      "resolved": "https://registry.npmjs.org/wif/-/wif-2.0.6.tgz",
      "integrity": "sha1-CNP1IFbGZnkplyb63g1DKudLRwQ=",
      "requires": {
        "bs58check": "<3.0.0"
      }
    },
    "yargs-parser": {
      "version": "20.2.3",
      "resolved": "https://registry.npmjs.org/yargs-parser/-/yargs-parser-20.2.3.tgz",
      "integrity": "sha512-emOFRT9WVHw03QSvN5qor9QQT9+sw5vwxfYweivSMHTcAXPefwVae2FjO7JJjj8hCE4CzPOPeFM83VwT29HCww=="
    }
  }
}
